
Microsoft Visual Studio Solution File, Format Version 12.00
# Visual Studio Version 17
VisualStudioVersion = 17.7.34031.279
MinimumVisualStudioVersion = 10.0.40219.1
Project("{9A19103F-16F7-4668-BE54-9A1E7A4F7556}") = "GiphyService", "GiphyService\GiphyService.csproj", "{CA089DD0-8137-4BE3-ACB6-69333AB6E304}"
EndProject
Project("{FAE04EC0-301F-11D3-BF4B-00C04F79EFBC}") = "Giphy.Libs", "Giphy.Libs\Giphy.Libs.csproj", "{5A67A020-74E9-4BE8-B353-B27C68FABA83}"
EndProject
Global
	GlobalSection(SolutionConfigurationPlatforms) = preSolution
		Debug|Any CPU = Debug|Any CPU
		Release|Any CPU = Release|Any CPU
	EndGlobalSection
	GlobalSection(ProjectConfigurationPlatforms) = postSolution
		{CA089DD0-8137-4BE3-ACB6-69333AB6E304}.Debug|Any CPU.ActiveCfg = Debug|Any CPU
		{CA089DD0-8137-4BE3-ACB6-69333AB6E304}.Debug|Any CPU.Build.0 = Debug|Any CPU
		{CA089DD0-8137-4BE3-ACB6-69333AB6E304}.Release|Any CPU.ActiveCfg = Release|Any CPU
		{CA089DD0-8137-4BE3-ACB6-69333AB6E304}.Release|Any CPU.Build.0 = Release|Any CPU
		{5A67A020-74E9-4BE8-B353-B27C68FABA83}.Debug|Any CPU.ActiveCfg = Debug|Any CPU
		{5A67A020-74E9-4BE8-B353-B27C68FABA83}.Debug|Any CPU.Build.0 = Debug|Any CPU
		{5A67A020-74E9-4BE8-B353-B27C68FABA83}.Release|Any CPU.ActiveCfg = Release|Any CPU
		{5A67A020-74E9-4BE8-B353-B27C68FABA83}.Release|Any CPU.Build.0 = Release|Any CPU
	EndGlobalSection
	GlobalSection(SolutionProperties) = preSolution
		HideSolutionNode = FALSE
	EndGlobalSection
	GlobalSection(ExtensibilityGlobals) = postSolution
		SolutionGuid = {D165F7C4-F62A-43DD-AC5F-851D125FEC19}
	EndGlobalSection
EndGlobal
